
Microsoft Visual Studio Solution File, Format Version 12.00
# Visual Studio 15
VisualStudioVersion = 15.0.27703.2026
MinimumVisualStudioVersion = 10.0.40219.1
Project("{FAE04EC0-301F-11D3-BF4B-00C04F79EFBC}") = "Maths Quiz", "Maths Quiz\Maths Quiz.csproj", "{AE3F1886-013D-4B2C-A6DB-7EFA77C20945}"
EndProject
Global
	GlobalSection(SolutionConfigurationPlatforms) = preSolution
		Debug|Any CPU = Debug|Any CPU
		Release|Any CPU = Release|Any CPU
	EndGlobalSection
	GlobalSection(ProjectConfigurationPlatforms) = postSolution
		{AE3F1886-013D-4B2C-A6DB-7EFA77C20945}.Debug|Any CPU.ActiveCfg = Debug|Any CPU
		{AE3F1886-013D-4B2C-A6DB-7EFA77C20945}.Debug|Any CPU.Build.0 = Debug|Any CPU
		{AE3F1886-013D-4B2C-A6DB-7EFA77C20945}.Release|Any CPU.ActiveCfg = Release|Any CPU
		{AE3F1886-013D-4B2C-A6DB-7EFA77C20945}.Release|Any CPU.Build.0 = Release|Any CPU
	EndGlobalSection
	GlobalSection(SolutionProperties) = preSolution
		HideSolutionNode = FALSE
	EndGlobalSection
	GlobalSection(ExtensibilityGlobals) = postSolution
		SolutionGuid = {491C2378-2021-47CE-B08F-AFB3D1F6B93A}
	EndGlobalSection
EndGlobal
